// !$*UTF8*$!
{
	archiveVersion = 1;
	classes = {
	};
	objectVersion = 46;
	objects = {

/* Begin PBXBuildFile section */
		86CD018573633D97D94DE710 /* Pods_SwiftSouthJade.framework in Frameworks */ = {isa = PBXBuildFile; fileRef = 6A4F26F32B5E2282758D0813 /* Pods_SwiftSouthJade.framework */; };
		942576031DB869AE00B8EF94 /* PersonalCenterViewController.swift in Sources */ = {isa = PBXBuildFile; fileRef = 942576021DB869AE00B8EF94 /* PersonalCenterViewController.swift */; };
		942576091DB8AD8500B8EF94 /* UICollectionViewWaterfallLayout.m in Sources */ = {isa = PBXBuildFile; fileRef = 942576081DB8AD8500B8EF94 /* UICollectionViewWaterfallLayout.m */; };
		9425760C1DB8B42F00B8EF94 /* ClassifyCollectionViewCell.swift in Sources */ = {isa = PBXBuildFile; fileRef = 9425760A1DB8B42F00B8EF94 /* ClassifyCollectionViewCell.swift */; };
		9425760D1DB8B42F00B8EF94 /* ClassifyCollectionViewCell.xib in Resources */ = {isa = PBXBuildFile; fileRef = 9425760B1DB8B42F00B8EF94 /* ClassifyCollectionViewCell.xib */; };
		943186651DB751B900809117 /* AppDelegate.swift in Sources */ = {isa = PBXBuildFile; fileRef = 943186641DB751B900809117 /* AppDelegate.swift */; };
		943186671DB751B900809117 /* ViewController.swift in Sources */ = {isa = PBXBuildFile; fileRef = 943186661DB751B900809117 /* ViewController.swift */; };
		9431866A1DB751B900809117 /* Main.storyboard in Resources */ = {isa = PBXBuildFile; fileRef = 943186681DB751B900809117 /* Main.storyboard */; };
		9431866C1DB751B900809117 /* Assets.xcassets in Resources */ = {isa = PBXBuildFile; fileRef = 9431866B1DB751B900809117 /* Assets.xcassets */; };
		9431866F1DB751B900809117 /* LaunchScreen.storyboard in Resources */ = {isa = PBXBuildFile; fileRef = 9431866D1DB751B900809117 /* LaunchScreen.storyboard */; };
		943186771DB756C000809117 /* ClassifyViewController.swift in Sources */ = {isa = PBXBuildFile; fileRef = 943186761DB756C000809117 /* ClassifyViewController.swift */; };
		943186811DB7626100809117 /* DrawCircleLine.swift in Sources */ = {isa = PBXBuildFile; fileRef = 943186801DB7626100809117 /* DrawCircleLine.swift */; };
		948228A01DB9F8DD000EFC21 /* LoginViewController.swift in Sources */ = {isa = PBXBuildFile; fileRef = 9482289F1DB9F8DD000EFC21 /* LoginViewController.swift */; };
/* End PBXBuildFile section */

/* Begin PBXFileReference section */
		6A4F26F32B5E2282758D0813 /* Pods_SwiftSouthJade.framework */ = {isa = PBXFileReference; explicitFileType = wrapper.framework; includeInIndex = 0; path = Pods_SwiftSouthJade.framework; sourceTree = BUILT_PRODUCTS_DIR; };
		942576021DB869AE00B8EF94 /* PersonalCenterViewController.swift */ = {isa = PBXFileReference; fileEncoding = 4; lastKnownFileType = sourcecode.swift; path = PersonalCenterViewController.swift; sourceTree = "<group>"; };
		942576061DB8AD8500B8EF94 /* SwiftSouthJade-Bridging-Header.h */ = {isa = PBXFileReference; lastKnownFileType = sourcecode.c.h; path = "SwiftSouthJade-Bridging-Header.h"; sourceTree = "<group>"; };
		942576071DB8AD8500B8EF94 /* UICollectionViewWaterfallLayout.h */ = {isa = PBXFileReference; fileEncoding = 4; lastKnownFileType = sourcecode.c.h; path = UICollectionViewWaterfallLayout.h; sourceTree = "<group>"; };
		942576081DB8AD8500B8EF94 /* UICollectionViewWaterfallLayout.m */ = {isa = PBXFileReference; fileEncoding = 4; lastKnownFileType = sourcecode.c.objc; path = UICollectionViewWaterfallLayout.m; sourceTree = "<group>"; };
		9425760A1DB8B42F00B8EF94 /* ClassifyCollectionViewCell.swift */ = {isa = PBXFileReference; fileEncoding = 4; lastKnownFileType = sourcecode.swift; path = ClassifyCollectionViewCell.swift; sourceTree = "<group>"; };
		9425760B1DB8B42F00B8EF94 /* ClassifyCollectionViewCell.xib */ = {isa = PBXFileReference; fileEncoding = 4; lastKnownFileType = file.xib; path = ClassifyCollectionViewCell.xib; sourceTree = "<group>"; };
		943186611DB751B700809117 /* SwiftSouthJade.app */ = {isa = PBXFileReference; explicitFileType = wrapper.application; includeInIndex = 0; path = SwiftSouthJade.app; sourceTree = BUILT_PRODUCTS_DIR; };
		943186641DB751B900809117 /* AppDelegate.swift */ = {isa = PBXFileReference; lastKnownFileType = sourcecode.swift; path = AppDelegate.swift; sourceTree = "<group>"; };
		943186661DB751B900809117 /* ViewController.swift */ = {isa = PBXFileReference; lastKnownFileType = sourcecode.swift; path = ViewController.swift; sourceTree = "<group>"; };
		943186691DB751B900809117 /* Base */ = {isa = PBXFileReference; lastKnownFileType = file.storyboard; name = Base; path = Base.lproj/Main.storyboard; sourceTree = "<group>"; };
		9431866B1DB751B900809117 /* Assets.xcassets */ = {isa = PBXFileReference; lastKnownFileType = folder.assetcatalog; path = Assets.xcassets; sourceTree = "<group>"; };
		9431866E1DB751B900809117 /* Base */ = {isa = PBXFileReference; lastKnownFileType = file.storyboard; name = Base; path = Base.lproj/LaunchScreen.storyboard; sourceTree = "<group>"; };
		943186701DB751B900809117 /* Info.plist */ = {isa = PBXFileReference; lastKnownFileType = text.plist.xml; path = Info.plist; sourceTree = "<group>"; };
		943186761DB756C000809117 /* ClassifyViewController.swift */ = {isa = PBXFileReference; fileEncoding = 4; lastKnownFileType = sourcecode.swift; path = ClassifyViewController.swift; sourceTree = "<group>"; };
		943186801DB7626100809117 /* DrawCircleLine.swift */ = {isa = PBXFileReference; fileEncoding = 4; lastKnownFileType = sourcecode.swift; path = DrawCircleLine.swift; sourceTree = "<group>"; };
		9482289F1DB9F8DD000EFC21 /* LoginViewController.swift */ = {isa = PBXFileReference; fileEncoding = 4; lastKnownFileType = sourcecode.swift; path = LoginViewController.swift; sourceTree = "<group>"; };
		B84279B0D24EEB44EE40F6F0 /* Pods-SwiftSouthJade.debug.xcconfig */ = {isa = PBXFileReference; includeInIndex = 1; lastKnownFileType = text.xcconfig; name = "Pods-SwiftSouthJade.debug.xcconfig"; path = "Pods/Target Support Files/Pods-SwiftSouthJade/Pods-SwiftSouthJade.debug.xcconfig"; sourceTree = "<group>"; };
		F160AD7E6957C4D363AD9757 /* Pods-SwiftSouthJade.release.xcconfig */ = {isa = PBXFileReference; includeInIndex = 1; lastKnownFileType = text.xcconfig; name = "Pods-SwiftSouthJade.release.xcconfig"; path = "Pods/Target Support Files/Pods-SwiftSouthJade/Pods-SwiftSouthJade.release.xcconfig"; sourceTree = "<group>"; };
/* End PBXFileReference section */

/* Begin PBXFrameworksBuildPhase section */
		9431865E1DB751B700809117 /* Frameworks */ = {
			isa = PBXFrameworksBuildPhase;
			buildActionMask = 2147483647;
			files = (
				86CD018573633D97D94DE710 /* Pods_SwiftSouthJade.framework in Frameworks */,
			);
			runOnlyForDeploymentPostprocessing = 0;
		};
/* End PBXFrameworksBuildPhase section */

/* Begin PBXGroup section */
		0C676B13078CF7B87E2EDD3D /* Frameworks */ = {
			isa = PBXGroup;
			children = (
				6A4F26F32B5E2282758D0813 /* Pods_SwiftSouthJade.framework */,
			);
			name = Frameworks;
			sourceTree = "<group>";
		};
		36A2005C7BF9BACC1D332CA1 /* Pods */ = {
			isa = PBXGroup;
			children = (
				B84279B0D24EEB44EE40F6F0 /* Pods-SwiftSouthJade.debug.xcconfig */,
				F160AD7E6957C4D363AD9757 /* Pods-SwiftSouthJade.release.xcconfig */,
			);
			name = Pods;
			sourceTree = "<group>";
		};
		943186581DB751B700809117 = {
			isa = PBXGroup;
			children = (
				943186631DB751B900809117 /* SwiftSouthJade */,
				943186621DB751B700809117 /* Products */,
				36A2005C7BF9BACC1D332CA1 /* Pods */,
				0C676B13078CF7B87E2EDD3D /* Frameworks */,
			);
			sourceTree = "<group>";
		};
		943186621DB751B700809117 /* Products */ = {
			isa = PBXGroup;
			children = (
				943186611DB751B700809117 /* SwiftSouthJade.app */,
			);
			name = Products;
			sourceTree = "<group>";
		};
		943186631DB751B900809117 /* SwiftSouthJade */ = {
			isa = PBXGroup;
			children = (
				943186641DB751B900809117 /* AppDelegate.swift */,
				943186661DB751B900809117 /* ViewController.swift */,
				943186761DB756C000809117 /* ClassifyViewController.swift */,
				9482289F1DB9F8DD000EFC21 /* LoginViewController.swift */,
				9425760A1DB8B42F00B8EF94 /* ClassifyCollectionViewCell.swift */,
				9425760B1DB8B42F00B8EF94 /* ClassifyCollectionViewCell.xib */,
				942576021DB869AE00B8EF94 /* PersonalCenterViewController.swift */,
				943186801DB7626100809117 /* DrawCircleLine.swift */,
				943186681DB751B900809117 /* Main.storyboard */,
				942576071DB8AD8500B8EF94 /* UICollectionViewWaterfallLayout.h */,
				942576081DB8AD8500B8EF94 /* UICollectionViewWaterfallLayout.m */,
				9431866B1DB751B900809117 /* Assets.xcassets */,
				9431866D1DB751B900809117 /* LaunchScreen.storyboard */,
				943186701DB751B900809117 /* Info.plist */,
				942576061DB8AD8500B8EF94 /* SwiftSouthJade-Bridging-Header.h */,
			);
			path = SwiftSouthJade;
			sourceTree = "<group>";
		};
/* End PBXGroup section */

/* Begin PBXNativeTarget section */
		943186601DB751B700809117 /* SwiftSouthJade */ = {
			isa = PBXNativeTarget;
			buildConfigurationList = 943186731DB751B900809117 /* Build configuration list for PBXNativeTarget "SwiftSouthJade" */;
			buildPhases = (
				5F9D29B64DEA5E31716696D3 /* [CP] Check Pods Manifest.lock */,
				9431865D1DB751B700809117 /* Sources */,
				9431865E1DB751B700809117 /* Frameworks */,
				9431865F1DB751B700809117 /* Resources */,
				D17F2A8750954BA8D4C0E32C /* [CP] Embed Pods Frameworks */,
				CABDEE6A995857DCD72F67E0 /* [CP] Copy Pods Resources */,
			);
			buildRules = (
			);
			dependencies = (
			);
			name = SwiftSouthJade;
			productName = SwiftSouthJade;
			productReference = 943186611DB751B700809117 /* SwiftSouthJade.app */;
			productType = "com.apple.product-type.application";
		};
/* End PBXNativeTarget section */

/* Begin PBXProject section */
		943186591DB751B700809117 /* Project object */ = {
			isa = PBXProject;
			attributes = {
				LastSwiftUpdateCheck = 0730;
				LastUpgradeCheck = 0730;
				ORGANIZATIONNAME = NightWatcher;
				TargetAttributes = {
					943186601DB751B700809117 = {
						CreatedOnToolsVersion = 7.3;
						DevelopmentTeam = 45VQ832RT5;
					};
				};
			};
			buildConfigurationList = 9431865C1DB751B700809117 /* Build configuration list for PBXProject "SwiftSouthJade" */;
			compatibilityVersion = "Xcode 3.2";
			developmentRegion = English;
			hasScannedForEncodings = 0;
			knownRegions = (
				en,
				Base,
			);
			mainGroup = 943186581DB751B700809117;
			productRefGroup = 943186621DB751B700809117 /* Products */;
			projectDirPath = "";
			projectRoot = "";
			targets = (
				943186601DB751B700809117 /* SwiftSouthJade */,
			);
		};
/* End PBXProject section */

/* Begin PBXResourcesBuildPhase section */
		9431865F1DB751B700809117 /* Resources */ = {
			isa = PBXResourcesBuildPhase;
			buildActionMask = 2147483647;
			files = (
				9425760D1DB8B42F00B8EF94 /* ClassifyCollectionViewCell.xib in Resources */,
				9431866F1DB751B900809117 /* LaunchScreen.storyboard in Resources */,
				9431866C1DB751B900809117 /* Assets.xcassets in Resources */,
				9431866A1DB751B900809117 /* Main.storyboard in Resources */,
			);
			runOnlyForDeploymentPostprocessing = 0;
		};
/* End PBXResourcesBuildPhase section */

/* Begin PBXShellScriptBuildPhase section */
		5F9D29B64DEA5E31716696D3 /* [CP] Check Pods Manifest.lock */ = {
			isa = PBXShellScriptBuildPhase;
			buildActionMask = 2147483647;
			files = (
			);
			inputPaths = (
			);
			name = "[CP] Check Pods Manifest.lock";
			outputPaths = (
			);
			runOnlyForDeploymentPostprocessing = 0;
			shellPath = /bin/sh;
			shellScript = "diff \"${PODS_ROOT}/../Podfile.lock\" \"${PODS_ROOT}/Manifest.lock\" > /dev/null\nif [[ $? != 0 ]] ; then\n    cat << EOM\nerror: The sandbox is not in sync with the Podfile.lock. Run 'pod install' or update your CocoaPods installation.\nEOM\n    exit 1\nfi\n";
			showEnvVarsInLog = 0;
		};
		CABDEE6A995857DCD72F67E0 /* [CP] Copy Pods Resources */ = {
			isa = PBXShellScriptBuildPhase;
			buildActionMask = 2147483647;
			files = (
			);
			inputPaths = (
			);
			name = "[CP] Copy Pods Resources";
			outputPaths = (
			);
			runOnlyForDeploymentPostprocessing = 0;
			shellPath = /bin/sh;
			shellScript = "\"${SRCROOT}/Pods/Target Support Files/Pods-SwiftSouthJade/Pods-SwiftSouthJade-resources.sh\"\n";
			showEnvVarsInLog = 0;
		};
		D17F2A8750954BA8D4C0E32C /* [CP] Embed Pods Frameworks */ = {
			isa = PBXShellScriptBuildPhase;
			buildActionMask = 2147483647;
			files = (
			);
			inputPaths = (
			);
			name = "[CP] Embed Pods Frameworks";
			outputPaths = (
			);
			runOnlyForDeploymentPostprocessing = 0;
			shellPath = /bin/sh;
			shellScript = "\"${SRCROOT}/Pods/Target Support Files/Pods-SwiftSouthJade/Pods-SwiftSouthJade-frameworks.sh\"\n";
			showEnvVarsInLog = 0;
		};
/* End PBXShellScriptBuildPhase section */

/* Begin PBXSourcesBuildPhase section */
		9431865D1DB751B700809117 /* Sources */ = {
			isa = PBXSourcesBuildPhase;
			buildActionMask = 2147483647;
			files = (
				943186671DB751B900809117 /* ViewController.swift in Sources */,
				9425760C1DB8B42F00B8EF94 /* ClassifyCollectionViewCell.swift in Sources */,
				942576091DB8AD8500B8EF94 /* UICollectionViewWaterfallLayout.m in Sources */,
				943186651DB751B900809117 /* AppDelegate.swift in Sources */,
				948228A01DB9F8DD000EFC21 /* LoginViewController.swift in Sources */,
				943186771DB756C000809117 /* ClassifyViewController.swift in Sources */,
				943186811DB7626100809117 /* DrawCircleLine.swift in Sources */,
				942576031DB869AE00B8EF94 /* PersonalCenterViewController.swift in Sources */,
			);
			runOnlyForDeploymentPostprocessing = 0;
		};
/* End PBXSourcesBuildPhase section */

/* Begin PBXVariantGroup section */
		943186681DB751B900809117 /* Main.storyboard */ = {
			isa = PBXVariantGroup;
			children = (
				943186691DB751B900809117 /* Base */,
			);
			name = Main.storyboard;
			sourceTree = "<group>";
		};
		9431866D1DB751B900809117 /* LaunchScreen.storyboard */ = {
			isa = PBXVariantGroup;
			children = (
				9431866E1DB751B900809117 /* Base */,
			);
			name = LaunchScreen.storyboard;
			sourceTree = "<group>";
		};
/* End PBXVariantGroup section */

/* Begin XCBuildConfiguration section */
		943186711DB751B900809117 /* Debug */ = {
			isa = XCBuildConfiguration;
			buildSettings = {
				ALWAYS_SEARCH_USER_PATHS = NO;
				CLANG_ANALYZER_NONNULL = YES;
				CLANG_CXX_LANGUAGE_STANDARD = "gnu++0x";
				CLANG_CXX_LIBRARY = "libc++";
				CLANG_ENABLE_MODULES = YES;
				CLANG_ENABLE_OBJC_ARC = YES;
				CLANG_WARN_BOOL_CONVERSION = YES;
				CLANG_WARN_CONSTANT_CONVERSION = YES;
				CLANG_WARN_DIRECT_OBJC_ISA_USAGE = YES_ERROR;
				CLANG_WARN_EMPTY_BODY = YES;
				CLANG_WARN_ENUM_CONVERSION = YES;
				CLANG_WARN_INT_CONVERSION = YES;
				CLANG_WARN_OBJC_ROOT_CLASS = YES_ERROR;
				CLANG_WARN_UNREACHABLE_CODE = YES;
				CLANG_WARN__DUPLICATE_METHOD_MATCH = YES;
				"CODE_SIGN_IDENTITY[sdk=iphoneos*]" = "iPhone Developer";
				COPY_PHASE_STRIP = NO;
				DEBUG_INFORMATION_FORMAT = dwarf;
				ENABLE_STRICT_OBJC_MSGSEND = YES;
				ENABLE_TESTABILITY = YES;
				GCC_C_LANGUAGE_STANDARD = gnu99;
				GCC_DYNAMIC_NO_PIC = NO;
				GCC_NO_COMMON_BLOCKS = YES;
				GCC_OPTIMIZATION_LEVEL = 0;
				GCC_PREPROCESSOR_DEFINITIONS = (
					"DEBUG=1",
					"$(inherited)",
				);
				GCC_WARN_64_TO_32_BIT_CONVERSION = YES;
				GCC_WARN_ABOUT_RETURN_TYPE = YES_ERROR;
				GCC_WARN_UNDECLARED_SELECTOR = YES;
				GCC_WARN_UNINITIALIZED_AUTOS = YES_AGGRESSIVE;
				GCC_WARN_UNUSED_FUNCTION = YES;
				GCC_WARN_UNUSED_VARIABLE = YES;
				IPHONEOS_DEPLOYMENT_TARGET = 9.3;
				MTL_ENABLE_DEBUG_INFO = YES;
				ONLY_ACTIVE_ARCH = YES;
				SDKROOT = iphoneos;
				SWIFT_OPTIMIZATION_LEVEL = "-Onone";
				TARGETED_DEVICE_FAMILY = "1,2";
			};
			name = Debug;
		};
		943186721DB751B900809117 /* Release */ = {
			isa = XCBuildConfiguration;
			buildSettings = {
				ALWAYS_SEARCH_USER_PATHS = NO;
				CLANG_ANALYZER_NONNULL = YES;
				CLANG_CXX_LANGUAGE_STANDARD = "gnu++0x";
				CLANG_CXX_LIBRARY = "libc++";
				CLANG_ENABLE_MODULES = YES;
				CLANG_ENABLE_OBJC_ARC = YES;
				CLANG_WARN_BOOL_CONVERSION = YES;
				CLANG_WARN_CONSTANT_CONVERSION = YES;
				CLANG_WARN_DIRECT_OBJC_ISA_USAGE = YES_ERROR;
				CLANG_WARN_EMPTY_BODY = YES;
				CLANG_WARN_ENUM_CONVERSION = YES;
				CLANG_WARN_INT_CONVERSION = YES;
				CLANG_WARN_OBJC_ROOT_CLASS = YES_ERROR;
				CLANG_WARN_UNREACHABLE_CODE = YES;
				CLANG_WARN__DUPLICATE_METHOD_MATCH = YES;
				"CODE_SIGN_IDENTITY[sdk=iphoneos*]" = "iPhone Developer";
				COPY_PHASE_STRIP = NO;
				DEBUG_INFORMATION_FORMAT = "dwarf-with-dsym";
				ENABLE_NS_ASSERTIONS = NO;
				ENABLE_STRICT_OBJC_MSGSEND = YES;
				GCC_C_LANGUAGE_STANDARD = gnu99;
				GCC_NO_COMMON_BLOCKS = YES;
				GCC_WARN_64_TO_32_BIT_CONVERSION = YES;
				GCC_WARN_ABOUT_RETURN_TYPE = YES_ERROR;
				GCC_WARN_UNDECLARED_SELECTOR = YES;
				GCC_WARN_UNINITIALIZED_AUTOS = YES_AGGRESSIVE;
				GCC_WARN_UNUSED_FUNCTION = YES;
				GCC_WARN_UNUSED_VARIABLE = YES;
				IPHONEOS_DEPLOYMENT_TARGET = 9.3;
				MTL_ENABLE_DEBUG_INFO = NO;
				SDKROOT = iphoneos;
				TARGETED_DEVICE_FAMILY = "1,2";
				VALIDATE_PRODUCT = YES;
			};
			name = Release;
		};
		943186741DB751B900809117 /* Debug */ = {
			isa = XCBuildConfiguration;
			baseConfigurationReference = B84279B0D24EEB44EE40F6F0 /* Pods-SwiftSouthJade.debug.xcconfig */;
			buildSettings = {
				ASSETCATALOG_COMPILER_APPICON_NAME = AppIcon;
				CLANG_ENABLE_MODULES = YES;
				INFOPLIST_FILE = SwiftSouthJade/Info.plist;
				LD_RUNPATH_SEARCH_PATHS = "$(inherited) @executable_path/Frameworks";
				PRODUCT_BUNDLE_IDENTIFIER = hycz.SwiftSouthJade;
				PRODUCT_NAME = "$(TARGET_NAME)";
				SWIFT_OBJC_BRIDGING_HEADER = "SwiftSouthJade/SwiftSouthJade-Bridging-Header.h";
				SWIFT_OPTIMIZATION_LEVEL = "-Onone";
			};
			name = Debug;
		};
		943186751DB751B900809117 /* Release */ = {
			isa = XCBuildConfiguration;
			baseConfigurationReference = F160AD7E6957C4D363AD9757 /* Pods-SwiftSouthJade.release.xcconfig */;
			buildSettings = {
				ASSETCATALOG_COMPILER_APPICON_NAME = AppIcon;
				CLANG_ENABLE_MODULES = YES;
				INFOPLIST_FILE = SwiftSouthJade/Info.plist;
				LD_RUNPATH_SEARCH_PATHS = "$(inherited) @executable_path/Frameworks";
				PRODUCT_BUNDLE_IDENTIFIER = hycz.SwiftSouthJade;
				PRODUCT_NAME = "$(TARGET_NAME)";
				SWIFT_OBJC_BRIDGING_HEADER = "SwiftSouthJade/SwiftSouthJade-Bridging-Header.h";
			};
			name = Release;
		};
/* End XCBuildConfiguration section */

/* Begin XCConfigurationList section */
		9431865C1DB751B700809117 /* Build configuration list for PBXProject "SwiftSouthJade" */ = {
			isa = XCConfigurationList;
			buildConfigurations = (
				943186711DB751B900809117 /* Debug */,
				943186721DB751B900809117 /* Release */,
			);
			defaultConfigurationIsVisible = 0;
			defaultConfigurationName = Release;
		};
		943186731DB751B900809117 /* Build configuration list for PBXNativeTarget "SwiftSouthJade" */ = {
			isa = XCConfigurationList;
			buildConfigurations = (
				943186741DB751B900809117 /* Debug */,
				943186751DB751B900809117 /* Release */,
			);
			defaultConfigurationIsVisible = 0;
			defaultConfigurationName = Release;
		};
/* End XCConfigurationList section */
	};
	rootObject = 943186591DB751B700809117 /* Project object */;
}
